
Microsoft Visual Studio Solution File, Format Version 12.00
# Visual Studio Version 16
VisualStudioVersion = 16.0.31321.278
MinimumVisualStudioVersion = 10.0.40219.1
Project("{9A19103F-16F7-4668-BE54-9A1E7A4F7556}") = "ControleClientes.API", "ControleClientes.API.csproj", "{DC32486A-9382-40DC-9DFC-7A66957B3A0E}"
EndProject
Project("{FAE04EC0-301F-11D3-BF4B-00C04F79EFBC}") = "ControleClientes.UnitTests", "..\ControleClientes.UnitTests\ControleClientes.UnitTests.csproj", "{DCDBAACC-25DE-45B7-8E8F-0C6BBF19BE8F}"
EndProject
Global
	GlobalSection(SolutionConfigurationPlatforms) = preSolution
		Debug|Any CPU = Debug|Any CPU
		Release|Any CPU = Release|Any CPU
	EndGlobalSection
	GlobalSection(ProjectConfigurationPlatforms) = postSolution
		{DC32486A-9382-40DC-9DFC-7A66957B3A0E}.Debug|Any CPU.ActiveCfg = Debug|Any CPU
		{DC32486A-9382-40DC-9DFC-7A66957B3A0E}.Debug|Any CPU.Build.0 = Debug|Any CPU
		{DC32486A-9382-40DC-9DFC-7A66957B3A0E}.Release|Any CPU.ActiveCfg = Release|Any CPU
		{DC32486A-9382-40DC-9DFC-7A66957B3A0E}.Release|Any CPU.Build.0 = Release|Any CPU
		{DCDBAACC-25DE-45B7-8E8F-0C6BBF19BE8F}.Debug|Any CPU.ActiveCfg = Debug|Any CPU
		{DCDBAACC-25DE-45B7-8E8F-0C6BBF19BE8F}.Debug|Any CPU.Build.0 = Debug|Any CPU
		{DCDBAACC-25DE-45B7-8E8F-0C6BBF19BE8F}.Release|Any CPU.ActiveCfg = Release|Any CPU
		{DCDBAACC-25DE-45B7-8E8F-0C6BBF19BE8F}.Release|Any CPU.Build.0 = Release|Any CPU
	EndGlobalSection
	GlobalSection(SolutionProperties) = preSolution
		HideSolutionNode = FALSE
	EndGlobalSection
	GlobalSection(ExtensibilityGlobals) = postSolution
		SolutionGuid = {8F7B0940-3E41-4828-9902-7F088699C173}
	EndGlobalSection
EndGlobal
